
Microsoft Visual Studio Solution File, Format Version 12.00
# Visual Studio Version 17
VisualStudioVersion = 17.2.32526.322
MinimumVisualStudioVersion = 10.0.40219.1
Project("{FAE04EC0-301F-11D3-BF4B-00C04F79EFBC}") = "MacroBoardApp.Android", "MacroBoardApp.Android\MacroBoardApp.Android.csproj", "{AB21F7B0-4102-4B47-94EC-B62B353A5CB7}"
EndProject
Project("{FAE04EC0-301F-11D3-BF4B-00C04F79EFBC}") = "MacroBoardApp", "MacroBoardApp\MacroBoardApp.csproj", "{A7194178-0EBE-4EE2-98C4-20ABFA336BA1}"
EndProject
Global
	GlobalSection(SolutionConfigurationPlatforms) = preSolution
		Debug|Any CPU = Debug|Any CPU
		Release|Any CPU = Release|Any CPU
	EndGlobalSection
	GlobalSection(ProjectConfigurationPlatforms) = postSolution
		{AB21F7B0-4102-4B47-94EC-B62B353A5CB7}.Debug|Any CPU.ActiveCfg = Debug|Any CPU
		{AB21F7B0-4102-4B47-94EC-B62B353A5CB7}.Debug|Any CPU.Build.0 = Debug|Any CPU
		{AB21F7B0-4102-4B47-94EC-B62B353A5CB7}.Debug|Any CPU.Deploy.0 = Debug|Any CPU
		{AB21F7B0-4102-4B47-94EC-B62B353A5CB7}.Release|Any CPU.ActiveCfg = Release|Any CPU
		{AB21F7B0-4102-4B47-94EC-B62B353A5CB7}.Release|Any CPU.Build.0 = Release|Any CPU
		{AB21F7B0-4102-4B47-94EC-B62B353A5CB7}.Release|Any CPU.Deploy.0 = Release|Any CPU
		{A7194178-0EBE-4EE2-98C4-20ABFA336BA1}.Debug|Any CPU.ActiveCfg = Debug|Any CPU
		{A7194178-0EBE-4EE2-98C4-20ABFA336BA1}.Debug|Any CPU.Build.0 = Debug|Any CPU
		{A7194178-0EBE-4EE2-98C4-20ABFA336BA1}.Debug|Any CPU.Deploy.0 = Debug|Any CPU
		{A7194178-0EBE-4EE2-98C4-20ABFA336BA1}.Release|Any CPU.ActiveCfg = Release|Any CPU
		{A7194178-0EBE-4EE2-98C4-20ABFA336BA1}.Release|Any CPU.Build.0 = Release|Any CPU
		{A7194178-0EBE-4EE2-98C4-20ABFA336BA1}.Release|Any CPU.Deploy.0 = Release|Any CPU
	EndGlobalSection
	GlobalSection(SolutionProperties) = preSolution
		HideSolutionNode = FALSE
	EndGlobalSection
	GlobalSection(ExtensibilityGlobals) = postSolution
		SolutionGuid = {3374B279-DB4D-429D-ADC9-54CF37206FD4}
	EndGlobalSection
EndGlobal
